
Microsoft Visual Studio Solution File, Format Version 12.00
# Visual Studio 15
VisualStudioVersion = 15.0.28307.271
MinimumVisualStudioVersion = 10.0.40219.1
Project("{FAE04EC0-301F-11D3-BF4B-00C04F79EFBC}") = "VidzyCodeFirstExercise", "VidzyCodeFirstExercise\VidzyCodeFirstExercise.csproj", "{2506DEC5-5994-4AF0-9C37-AD770F7FCC81}"
EndProject
Global
	GlobalSection(SolutionConfigurationPlatforms) = preSolution
		Debug|Any CPU = Debug|Any CPU
		Release|Any CPU = Release|Any CPU
	EndGlobalSection
	GlobalSection(ProjectConfigurationPlatforms) = postSolution
		{2506DEC5-5994-4AF0-9C37-AD770F7FCC81}.Debug|Any CPU.ActiveCfg = Debug|Any CPU
		{2506DEC5-5994-4AF0-9C37-AD770F7FCC81}.Debug|Any CPU.Build.0 = Debug|Any CPU
		{2506DEC5-5994-4AF0-9C37-AD770F7FCC81}.Release|Any CPU.ActiveCfg = Release|Any CPU
		{2506DEC5-5994-4AF0-9C37-AD770F7FCC81}.Release|Any CPU.Build.0 = Release|Any CPU
	EndGlobalSection
	GlobalSection(SolutionProperties) = preSolution
		HideSolutionNode = FALSE
	EndGlobalSection
	GlobalSection(ExtensibilityGlobals) = postSolution
		SolutionGuid = {9ACE75E4-0135-4E46-BFBD-5182E9EA3797}
	EndGlobalSection
EndGlobal
